{
  "lockfile_version": "1",
  "packages": {
    "poetry@latest": {
      "last_modified": "2024-03-22T11:26:23Z",
      "plugin_version": "0.0.4",
      "resolved": "github:NixOS/nixpkgs/a3ed7406349a9335cb4c2a71369b697cecd9d351#poetry",
      "source": "devbox-search",
      "version": "1.8.2",
      "systems": {
        "aarch64-darwin": {
          "store_path": "/nix/store/wzmsknwy7zil3767svmn33fkd6mnsv5y-python3.11-poetry-1.8.2"
        },
        "aarch64-linux": {
          "store_path": "/nix/store/ai8j0safizmaqr9jk88901wfk2bzzwgh-python3.11-poetry-1.8.2"
        },
        "x86_64-darwin": {
          "store_path": "/nix/store/92a9ri8yckqq7ik599hazbr0kidrj9cz-python3.11-poetry-1.8.2"
        },
        "x86_64-linux": {
          "store_path": "/nix/store/1f6zl0dc2q2m2ar6179s1blmzpwjlvnc-python3.11-poetry-1.8.2"
        }
      }
    },
    "python311@latest": {
      "last_modified": "2023-09-27T18:02:17Z",
      "plugin_version": "0.0.3",
      "resolved": "github:NixOS/nixpkgs/517501bcf14ae6ec47efd6a17dda0ca8e6d866f9#python311",
      "source": "devbox-search",
      "version": "3.11.4",
      "systems": {
        "aarch64-darwin": {
          "store_path": "/nix/store/rycxjkclx801wrhwrgllak0302xzjdvx-python3-3.11.4"
        },
        "aarch64-linux": {
          "store_path": "/nix/store/h4xi1djsmhk7bjdipz58xkfnf8lc9mpm-python3-3.11.4"
        },
        "x86_64-darwin": {
          "store_path": "/nix/store/yqs2zxkxn61xzimdaz1pbgawk2lnm0d8-python3-3.11.4"
        },
        "x86_64-linux": {
          "store_path": "/nix/store/3k7is7nc2xbav8a48vx7arad522d8czx-python3-3.11.4"
        }
      }
    },
    "shellcheck@latest": {
      "last_modified": "2024-03-22T11:26:23Z",
      "resolved": "github:NixOS/nixpkgs/a3ed7406349a9335cb4c2a71369b697cecd9d351#shellcheck",
      "source": "devbox-search",
      "version": "0.9.0",
      "systems": {
        "aarch64-darwin": {
          "store_path": "/nix/store/kjkpw7qw7m5wbrp34rvk8difly708d29-shellcheck-0.9.0-bin"
        },
        "aarch64-linux": {
          "store_path": "/nix/store/svdlkyn2lwpx9vwm6rms5zvr7pbl9rqm-shellcheck-0.9.0-bin"
        },
        "x86_64-darwin": {
          "store_path": "/nix/store/c49qr0rwq47j2c0w6zf0nws7fcpgivsm-shellcheck-0.9.0-bin"
        },
        "x86_64-linux": {
          "store_path": "/nix/store/2gzrfd693ll38h8flmhdxy4nvdkjcw3h-shellcheck-0.9.0-bin"
        }
      }
    },
    "shfmt@latest": {
      "last_modified": "2024-03-22T11:26:23Z",
      "resolved": "github:NixOS/nixpkgs/a3ed7406349a9335cb4c2a71369b697cecd9d351#shfmt",
      "source": "devbox-search",
      "version": "3.8.0",
      "systems": {
        "aarch64-darwin": {
          "store_path": "/nix/store/43abm7dsr484gcljbjz4apxzv12pgrjy-shfmt-3.8.0"
        },
        "aarch64-linux": {
          "store_path": "/nix/store/mpg5wp9brg564h4b7gv7r0ja1vcckp69-shfmt-3.8.0"
        },
        "x86_64-darwin": {
          "store_path": "/nix/store/p8qhchmj97599wr92vb34794awyg1r5k-shfmt-3.8.0"
        },
        "x86_64-linux": {
          "store_path": "/nix/store/4hjvpz80xifqf1gkwxwz7170wkp9vyan-shfmt-3.8.0"
        }
      }
    }
  }
}
